{"SurveyEntry":{"SurveyID":"SV_4Ga1BW1cXx1cWfr","SurveyName":"Flanker Embed Test","SurveyDescription":null,"SurveyOwnerID":"UR_0x5an9Mruw3IpKt","SurveyBrandID":"neu","DivisionID":"DV_eyDs4OnePgToQKh","SurveyLanguage":"EN","SurveyActiveResponseSet":"RS_cHBY6glptdChyHb","SurveyStatus":"Active","SurveyStartDate":"0000-00-00 00:00:00","SurveyExpirationDate":"0000-00-00 00:00:00","SurveyCreationDate":"2020-09-30 12:37:45","CreatorID":"UR_0x5an9Mruw3IpKt","LastModified":"2021-01-23 13:13:39","LastAccessed":"0000-00-00 00:00:00","LastActivated":"2020-09-30 14:32:50","Deleted":null},"SurveyElements":[{"SurveyID":"SV_4Ga1BW1cXx1cWfr","Element":"BL","PrimaryAttribute":"Survey Blocks","SecondaryAttribute":null,"TertiaryAttribute":null,"Payload":[{"Type":"Default","Description":"Default Question Block","ID":"BL_3VlbMiJswtQj7wh","BlockElements":[{"Type":"Question","QuestionID":"QID1"}]},{"Type":"Trash","Description":"Trash \/ Unused Questions","ID":"BL_dhWdXyoV9hon5uR","BlockElements":[{"Type":"Question","QuestionID":"QID5"},{"Type":"Question","QuestionID":"QID6"}]},{"Type":"Standard","SubType":"","Description":"Block 1","ID":"BL_0NCQitBMFQXweON","BlockElements":[{"Type":"Question","QuestionID":"QID2"},{"Type":"Question","QuestionID":"QID4"}]},{"Type":"Standard","SubType":"","Description":"Block 2","ID":"BL_e3V73ezqBulVV8p","BlockElements":[{"Type":"Question","QuestionID":"QID3"}]}]},{"SurveyID":"SV_4Ga1BW1cXx1cWfr","Element":"FL","PrimaryAttribute":"Survey Flow","SecondaryAttribute":null,"TertiaryAttribute":null,"Payload":{"Flow":[{"ID":"BL_3VlbMiJswtQj7wh","Type":"Block","FlowID":"FL_2"},{"ID":"BL_0NCQitBMFQXweON","Type":"Standard","FlowID":"FL_3"},{"ID":"BL_e3V73ezqBulVV8p","Type":"Standard","FlowID":"FL_4"}],"Properties":{"Count":4},"FlowID":"FL_1","Type":"Root"}},{"SurveyID":"SV_4Ga1BW1cXx1cWfr","Element":"SO","PrimaryAttribute":"Survey Options","SecondaryAttribute":null,"TertiaryAttribute":null,"Payload":{"BackButton":"false","SaveAndContinue":"true","SurveyProtection":"PublicSurvey","BallotBoxStuffingPrevention":"false","NoIndex":"Yes","SecureResponseFiles":"true","SurveyExpiration":"None","SurveyTermination":"DefaultMessage","Header":"","Footer":"","ProgressBarDisplay":"None","PartialData":"+1 week","ValidationMessage":"","PreviousButton":" \u2190 ","NextButton":" \u2192 ","SurveyTitle":"Online Survey Software | Qualtrics Survey Solutions","SkinLibrary":"neu","SkinType":"MQ","Skin":"cpsneu2copy","NewScoring":1,"SurveyName":"Flanker Embed Test","ProtectSelectionIds":true}},{"SurveyID":"SV_4Ga1BW1cXx1cWfr","Element":"SQ","PrimaryAttribute":"QID6","SecondaryAttribute":null,"TertiaryAttribute":null,"Payload":{"QuestionText":"<iframe src='https:\/\/volunteerscience.com'>","DefaultChoices":false,"DataExportTag":"Q6","QuestionType":"DB","Selector":"TB","Configuration":{"QuestionDescriptionOption":"UseText"},"ChoiceOrder":[],"Validation":{"Settings":{"Type":"None"}},"GradingData":[],"Language":[],"NextChoiceId":4,"NextAnswerId":1,"QuestionID":"QID6"}},{"SurveyID":"SV_4Ga1BW1cXx1cWfr","Element":"SCO","PrimaryAttribute":"Scoring","SecondaryAttribute":null,"TertiaryAttribute":null,"Payload":{"ScoringCategories":[],"ScoringCategoryGroups":[],"ScoringSummaryCategory":null,"ScoringSummaryAfterQuestions":0,"ScoringSummaryAfterSurvey":0,"DefaultScoringCategory":null,"AutoScoringCategory":null}},{"SurveyID":"SV_4Ga1BW1cXx1cWfr","Element":"PROJ","PrimaryAttribute":"CORE","SecondaryAttribute":null,"TertiaryAttribute":"1.1.0","Payload":{"ProjectCategory":"CORE","SchemaVersion":"1.1.0"}},{"SurveyID":"SV_4Ga1BW1cXx1cWfr","Element":"STAT","PrimaryAttribute":"Survey Statistics","SecondaryAttribute":null,"TertiaryAttribute":null,"Payload":{"MobileCompatible":true,"ID":"Survey Statistics"}},{"SurveyID":"SV_4Ga1BW1cXx1cWfr","Element":"QC","PrimaryAttribute":"Survey Question Count","SecondaryAttribute":"6","TertiaryAttribute":null,"Payload":null},{"SurveyID":"SV_4Ga1BW1cXx1cWfr","Element":"SQ","PrimaryAttribute":"QID5","SecondaryAttribute":"Click to write the question text","TertiaryAttribute":null,"Payload":{"QuestionText":"Click to write the question text","DefaultChoices":false,"DataExportTag":"Q5","QuestionType":"DB","Selector":"TB","Configuration":{"QuestionDescriptionOption":"UseText"},"QuestionDescription":"Click to write the question text","ChoiceOrder":[],"Validation":{"Settings":{"Type":"None"}},"GradingData":[],"Language":[],"NextChoiceId":4,"NextAnswerId":1,"QuestionID":"QID5"}},{"SurveyID":"SV_4Ga1BW1cXx1cWfr","Element":"SQ","PrimaryAttribute":"QID4","SecondaryAttribute":"Continue with the survey","TertiaryAttribute":null,"Payload":{"QuestionText":"Continue with the survey","DefaultChoices":false,"DataExportTag":"Q4","QuestionType":"DB","Selector":"TB","Configuration":{"QuestionDescriptionOption":"UseText"},"QuestionDescription":"Continue with the survey","ChoiceOrder":[],"Validation":{"Settings":{"Type":"None"}},"GradingData":[],"Language":[],"NextChoiceId":4,"NextAnswerId":1,"QuestionID":"QID4"}},{"SurveyID":"SV_4Ga1BW1cXx1cWfr","Element":"RS","PrimaryAttribute":"RS_cHBY6glptdChyHb","SecondaryAttribute":"Default Response Set","TertiaryAttribute":null,"Payload":null},{"SurveyID":"SV_4Ga1BW1cXx1cWfr","Element":"SQ","PrimaryAttribute":"QID2","SecondaryAttribute":"Iframe here start the study","TertiaryAttribute":null,"Payload":{"QuestionText":"<iframe id='vsFrame' src=\"\" allowFullScreen=\"true\">Iframe here<\/iframe>\n<button id='start-button'>start the study<\/button>","QuestionJS":"Qualtrics.SurveyEngine.addOnload(function()\n{\n\t\/*Place your JavaScript here to run when the page loads*\/\n\t\n\n\tjQuery(\"#start-button\").click(function(event,element) {\n\t\tvar element = document.getElementById(\"vsFrame\");\n\t\topenFullscreen(element) \n\n\t\t\/*Set VS Variables *\/\t\t\t\t\t\t\t\t\t\t\n\t\tvar num_trials = 2;\n\t\tvar focus_icon = \"$\";\n\t\tvar focus_icon_color = \"#4287f5\";\n\t\tvar url=\"https:\/\/volunteerscience.com\/experiments?join_category=663\"\n\n\t\t\/* Open VS with variables *\/\n\t\tdocument.getElementById(\"vsFrame\").setAttribute(\"src\",\n\t\t\t\t\t\t\t\t\t\t\t\t\t\turl+\"&num_trials=\"+num_trials+\"&focus_icon=\"+focus_icon+\n\t\t\t\t\t\t\t\t\t\t\t\t\t\t\"&focus_icon_color=\"+focus_icon_color);\n\t});\n\t\n\t\/*Change iframe size to full screen *\/\n\t\/* View in fullscreen *\/\n\tfunction openFullscreen(elem) {\n\t  if (elem.requestFullscreen) {\n\t\telem.requestFullscreen();\n\t  } else if (elem.mozRequestFullScreen) { \/* Firefox *\/\n\t\telem.mozRequestFullScreen();\n\t  } else if (elem.webkitRequestFullscreen) { \/* Chrome, Safari and Opera *\/\n\t\telem.webkitRequestFullscreen();\n\t  } else if (elem.msRequestFullscreen) { \/* IE\/Edge *\/\n\t\telem.msRequestFullscreen();\n\t  }\n\t}\n\n\t\/* Close fullscreen *\/\n\tfunction closeFullscreen(elem) {\n\t  if (document.exitFullscreen) {\n\t\tdocument.exitFullscreen();\n\t  } else if (document.mozCancelFullScreen) { \/* Firefox *\/\n\t\tdocument.mozCancelFullScreen();\n\t  } else if (document.webkitExitFullscreen) { \/* Chrome, Safari and Opera *\/\n\t\tdocument.webkitExitFullscreen();\n\t  } else if (document.msExitFullscreen) { \/* IE\/Edge *\/\n\t\tdocument.msExitFullscreen();\n\t  }\n\t}\n\t\/\/document.getElementById(\"vsFrame\").setAttribute(\"style\",'height: 100vh;width: 100vw')\n\t\n\t\n\t\n\t\/*Functions to handle messages from Volunteer Science *\/\n\tfunction receiveMessage(event) {\n\t\tif(event.data == \"end study\"){\n\t\t\tvar frame = document.getElementById(\"vsFrame\");\n\t\t\tcloseFullscreen(frame)\n\t\t\tdocument.getElementById(\"vsFrame\").setAttribute(\"style\",\"display:none\")\n\t\t}\t\n\t}\n\t\n\t\/* Add the listener*\/\n\twindow.addEventListener(\"message\", receiveMessage, false);\n});\n\nQualtrics.SurveyEngine.addOnReady(function()\n{\n\t\/*Place your JavaScript here to run when the page is fully displayed*\/\n\t\n\n});\n\nQualtrics.SurveyEngine.addOnUnload(function()\n{\n\t\/*Place your JavaScript here to run when the page is unloaded*\/\n\n});","DefaultChoices":false,"DataExportTag":"Q2","QuestionID":"QID2","QuestionType":"DB","Selector":"TB","DataVisibility":{"Private":false,"Hidden":false},"Configuration":{"QuestionDescriptionOption":"UseText"},"QuestionDescription":"Iframe here start the study","ChoiceOrder":[],"Validation":{"Settings":{"Type":"None"}},"GradingData":[],"Language":[],"NextChoiceId":7,"NextAnswerId":1}},{"SurveyID":"SV_4Ga1BW1cXx1cWfr","Element":"SQ","PrimaryAttribute":"QID1","SecondaryAttribute":"In what year were you born?","TertiaryAttribute":null,"Payload":{"QuestionText":"In what year were you born?","DefaultChoices":false,"DataExportTag":"Q1","QuestionType":"TE","Selector":"SL","Configuration":{"QuestionDescriptionOption":"UseText"},"QuestionDescription":"In what year were you born?","Validation":{"Settings":{"ForceResponse":"OFF","ForceResponseType":"ON","Type":"ContentType","ContentType":"ValidNumber","ValidDateType":"DateWithFormat","ValidPhoneType":"ValidUSPhone","ValidZipType":"ValidUSZip","ValidNumber":{"Min":"1900","Max":"2020","NumDecimals":"0"}}},"GradingData":[],"Language":[],"NextChoiceId":8,"NextAnswerId":1,"SearchSource":{"AllowFreeResponse":"false"},"QuestionID":"QID1","DataVisibility":{"Private":false,"Hidden":false}}},{"SurveyID":"SV_4Ga1BW1cXx1cWfr","Element":"SQ","PrimaryAttribute":"QID3","SecondaryAttribute":"Thanks for participating","TertiaryAttribute":null,"Payload":{"QuestionText":"Thanks for participating","DefaultChoices":false,"DataExportTag":"Q3","QuestionType":"DB","Selector":"TB","Configuration":{"QuestionDescriptionOption":"UseText"},"QuestionDescription":"Thanks for participating","ChoiceOrder":[],"Validation":{"Settings":{"Type":"None"}},"GradingData":[],"Language":[],"NextChoiceId":4,"NextAnswerId":1,"QuestionID":"QID3"}}]}